
Microsoft Visual Studio Solution File, Format Version 12.00
# Visual Studio Version 17
VisualStudioVersion = 17.6.33712.159
MinimumVisualStudioVersion = 10.0.40219.1
Project("{9A19103F-16F7-4668-BE54-9A1E7A4F7556}") = "CarSimulatorBS", "CarSimulatorBS\CarSimulatorBS.csproj", "{677DEDD4-20BE-4ABC-9B83-4FDEFD41CFE1}"
EndProject
Project("{E53339B2-1760-4266-BCC7-CA923CBCF16C}") = "docker-compose", "docker-compose.dcproj", "{5E94D921-042A-47E4-B9CC-08A674E6B34A}"
EndProject
Project("{9A19103F-16F7-4668-BE54-9A1E7A4F7556}") = "CarsharingProject", "CarsharingProject\CarsharingProject.csproj", "{4E265B36-CD79-4F32-924C-48DE49CF9705}"
EndProject
Global
	GlobalSection(SolutionConfigurationPlatforms) = preSolution
		Debug|Any CPU = Debug|Any CPU
		Release|Any CPU = Release|Any CPU
	EndGlobalSection
	GlobalSection(ProjectConfigurationPlatforms) = postSolution
		{677DEDD4-20BE-4ABC-9B83-4FDEFD41CFE1}.Debug|Any CPU.ActiveCfg = Debug|Any CPU
		{677DEDD4-20BE-4ABC-9B83-4FDEFD41CFE1}.Debug|Any CPU.Build.0 = Debug|Any CPU
		{677DEDD4-20BE-4ABC-9B83-4FDEFD41CFE1}.Release|Any CPU.ActiveCfg = Release|Any CPU
		{677DEDD4-20BE-4ABC-9B83-4FDEFD41CFE1}.Release|Any CPU.Build.0 = Release|Any CPU
		{5E94D921-042A-47E4-B9CC-08A674E6B34A}.Debug|Any CPU.ActiveCfg = Debug|Any CPU
		{5E94D921-042A-47E4-B9CC-08A674E6B34A}.Debug|Any CPU.Build.0 = Debug|Any CPU
		{5E94D921-042A-47E4-B9CC-08A674E6B34A}.Release|Any CPU.ActiveCfg = Release|Any CPU
		{5E94D921-042A-47E4-B9CC-08A674E6B34A}.Release|Any CPU.Build.0 = Release|Any CPU
		{4E265B36-CD79-4F32-924C-48DE49CF9705}.Debug|Any CPU.ActiveCfg = Debug|Any CPU
		{4E265B36-CD79-4F32-924C-48DE49CF9705}.Debug|Any CPU.Build.0 = Debug|Any CPU
		{4E265B36-CD79-4F32-924C-48DE49CF9705}.Release|Any CPU.ActiveCfg = Release|Any CPU
		{4E265B36-CD79-4F32-924C-48DE49CF9705}.Release|Any CPU.Build.0 = Release|Any CPU
	EndGlobalSection
	GlobalSection(SolutionProperties) = preSolution
		HideSolutionNode = FALSE
	EndGlobalSection
	GlobalSection(ExtensibilityGlobals) = postSolution
		SolutionGuid = {1E935400-72CB-4817-BC3E-7BA0A7589F13}
	EndGlobalSection
EndGlobal
